
Microsoft Visual Studio Solution File, Format Version 12.00
# Visual Studio Version 16
VisualStudioVersion = 16.0.31005.135
MinimumVisualStudioVersion = 10.0.40219.1
Project("{FAE04EC0-301F-11D3-BF4B-00C04F79EFBC}") = "WebAPI", "WebAPI\WebAPI.csproj", "{266D7826-CB44-4A35-B6A9-458FE5F99A6A}"
EndProject
Global
	GlobalSection(SolutionConfigurationPlatforms) = preSolution
		Debug|Any CPU = Debug|Any CPU
		Release|Any CPU = Release|Any CPU
	EndGlobalSection
	GlobalSection(ProjectConfigurationPlatforms) = postSolution
		{266D7826-CB44-4A35-B6A9-458FE5F99A6A}.Debug|Any CPU.ActiveCfg = Debug|Any CPU
		{266D7826-CB44-4A35-B6A9-458FE5F99A6A}.Debug|Any CPU.Build.0 = Debug|Any CPU
		{266D7826-CB44-4A35-B6A9-458FE5F99A6A}.Release|Any CPU.ActiveCfg = Release|Any CPU
		{266D7826-CB44-4A35-B6A9-458FE5F99A6A}.Release|Any CPU.Build.0 = Release|Any CPU
	EndGlobalSection
	GlobalSection(SolutionProperties) = preSolution
		HideSolutionNode = FALSE
	EndGlobalSection
	GlobalSection(ExtensibilityGlobals) = postSolution
		SolutionGuid = {0E531706-1B5D-4DA7-BFC0-27D13C570BF4}
	EndGlobalSection
EndGlobal
