
Microsoft Visual Studio Solution File, Format Version 12.00
# Visual Studio Version 16
VisualStudioVersion = 16.0.30225.117
MinimumVisualStudioVersion = 10.0.40219.1
Project("{FAE04EC0-301F-11D3-BF4B-00C04F79EFBC}") = "ConsoleApp", "ConsoleApp\ConsoleApp.csproj", "{492AEC6C-9336-4B08-9213-F6BC02AA7E98}"
EndProject
Project("{FAE04EC0-301F-11D3-BF4B-00C04F79EFBC}") = "ClassLibrary", "ClassLibrary\ClassLibrary.csproj", "{526AA63F-B5AC-4855-8C48-97CA8D87EF09}"
EndProject
Global
	GlobalSection(SolutionConfigurationPlatforms) = preSolution
		Debug|Any CPU = Debug|Any CPU
		Release|Any CPU = Release|Any CPU
	EndGlobalSection
	GlobalSection(ProjectConfigurationPlatforms) = postSolution
		{492AEC6C-9336-4B08-9213-F6BC02AA7E98}.Debug|Any CPU.ActiveCfg = Debug|Any CPU
		{492AEC6C-9336-4B08-9213-F6BC02AA7E98}.Debug|Any CPU.Build.0 = Debug|Any CPU
		{492AEC6C-9336-4B08-9213-F6BC02AA7E98}.Release|Any CPU.ActiveCfg = Release|Any CPU
		{492AEC6C-9336-4B08-9213-F6BC02AA7E98}.Release|Any CPU.Build.0 = Release|Any CPU
		{526AA63F-B5AC-4855-8C48-97CA8D87EF09}.Debug|Any CPU.ActiveCfg = Debug|Any CPU
		{526AA63F-B5AC-4855-8C48-97CA8D87EF09}.Debug|Any CPU.Build.0 = Debug|Any CPU
		{526AA63F-B5AC-4855-8C48-97CA8D87EF09}.Release|Any CPU.ActiveCfg = Release|Any CPU
		{526AA63F-B5AC-4855-8C48-97CA8D87EF09}.Release|Any CPU.Build.0 = Release|Any CPU
	EndGlobalSection
	GlobalSection(SolutionProperties) = preSolution
		HideSolutionNode = FALSE
	EndGlobalSection
	GlobalSection(ExtensibilityGlobals) = postSolution
		SolutionGuid = {192A5B18-5E32-4168-AF31-6B16FE7EE1D7}
	EndGlobalSection
EndGlobal
